
Microsoft Visual Studio Solution File, Format Version 12.00
# Visual Studio Version 17
VisualStudioVersion = 17.9.34622.214
MinimumVisualStudioVersion = 10.0.40219.1
Project("{FAE04EC0-301F-11D3-BF4B-00C04F79EFBC}") = "RabbitMQ.Producer", "RabbitMQ.Producer\RabbitMQ.Producer.csproj", "{D21678B7-6996-4D63-A8F4-592CA6F49736}"
EndProject
Project("{FAE04EC0-301F-11D3-BF4B-00C04F79EFBC}") = "RabbitMQ.Consumer", "RabbitMQ.Consumer\RabbitMQ.Consumer.csproj", "{FB7F52A4-3069-4A42-B8DF-010E589759A8}"
EndProject
Global
	GlobalSection(SolutionConfigurationPlatforms) = preSolution
		Debug|Any CPU = Debug|Any CPU
		Release|Any CPU = Release|Any CPU
	EndGlobalSection
	GlobalSection(ProjectConfigurationPlatforms) = postSolution
		{D21678B7-6996-4D63-A8F4-592CA6F49736}.Debug|Any CPU.ActiveCfg = Debug|Any CPU
		{D21678B7-6996-4D63-A8F4-592CA6F49736}.Debug|Any CPU.Build.0 = Debug|Any CPU
		{D21678B7-6996-4D63-A8F4-592CA6F49736}.Release|Any CPU.ActiveCfg = Release|Any CPU
		{D21678B7-6996-4D63-A8F4-592CA6F49736}.Release|Any CPU.Build.0 = Release|Any CPU
		{FB7F52A4-3069-4A42-B8DF-010E589759A8}.Debug|Any CPU.ActiveCfg = Debug|Any CPU
		{FB7F52A4-3069-4A42-B8DF-010E589759A8}.Debug|Any CPU.Build.0 = Debug|Any CPU
		{FB7F52A4-3069-4A42-B8DF-010E589759A8}.Release|Any CPU.ActiveCfg = Release|Any CPU
		{FB7F52A4-3069-4A42-B8DF-010E589759A8}.Release|Any CPU.Build.0 = Release|Any CPU
	EndGlobalSection
	GlobalSection(SolutionProperties) = preSolution
		HideSolutionNode = FALSE
	EndGlobalSection
	GlobalSection(ExtensibilityGlobals) = postSolution
		SolutionGuid = {11BDB1E4-1AB1-4E6C-8F66-9CB1D4B56FCC}
	EndGlobalSection
EndGlobal
